
Microsoft Visual Studio Solution File, Format Version 12.00
# Visual Studio Version 17
VisualStudioVersion = 17.1.32407.343
MinimumVisualStudioVersion = 10.0.40219.1
Project("{FAE04EC0-301F-11D3-BF4B-00C04F79EFBC}") = "Entity", "Entity\Entity.csproj", "{B0180E0C-8FA0-4401-91B4-09742C89B3AB}"
EndProject
Project("{FAE04EC0-301F-11D3-BF4B-00C04F79EFBC}") = "DataAccess", "DataAccess\DataAccess.csproj", "{A3D397A2-1AD3-4F84-A4CE-CFD08323EF3D}"
EndProject
Project("{FAE04EC0-301F-11D3-BF4B-00C04F79EFBC}") = "Business", "Business\Business.csproj", "{7D43FF88-5BE9-46BB-89CD-8075EFBB231B}"
EndProject
Project("{FAE04EC0-301F-11D3-BF4B-00C04F79EFBC}") = "WebApi", "WebApi\WebApi.csproj", "{A834D785-F861-46A0-9ED0-587CF8530DE7}"
EndProject
Project("{FAE04EC0-301F-11D3-BF4B-00C04F79EFBC}") = "WebApp", "WebApp\WebApp.csproj", "{60FF3406-9F39-425F-93E7-A32EBEB705F0}"
EndProject
Global
	GlobalSection(SolutionConfigurationPlatforms) = preSolution
		Debug|Any CPU = Debug|Any CPU
		Release|Any CPU = Release|Any CPU
	EndGlobalSection
	GlobalSection(ProjectConfigurationPlatforms) = postSolution
		{B0180E0C-8FA0-4401-91B4-09742C89B3AB}.Debug|Any CPU.ActiveCfg = Debug|Any CPU
		{B0180E0C-8FA0-4401-91B4-09742C89B3AB}.Debug|Any CPU.Build.0 = Debug|Any CPU
		{B0180E0C-8FA0-4401-91B4-09742C89B3AB}.Release|Any CPU.ActiveCfg = Release|Any CPU
		{B0180E0C-8FA0-4401-91B4-09742C89B3AB}.Release|Any CPU.Build.0 = Release|Any CPU
		{A3D397A2-1AD3-4F84-A4CE-CFD08323EF3D}.Debug|Any CPU.ActiveCfg = Debug|Any CPU
		{A3D397A2-1AD3-4F84-A4CE-CFD08323EF3D}.Debug|Any CPU.Build.0 = Debug|Any CPU
		{A3D397A2-1AD3-4F84-A4CE-CFD08323EF3D}.Release|Any CPU.ActiveCfg = Release|Any CPU
		{A3D397A2-1AD3-4F84-A4CE-CFD08323EF3D}.Release|Any CPU.Build.0 = Release|Any CPU
		{7D43FF88-5BE9-46BB-89CD-8075EFBB231B}.Debug|Any CPU.ActiveCfg = Debug|Any CPU
		{7D43FF88-5BE9-46BB-89CD-8075EFBB231B}.Debug|Any CPU.Build.0 = Debug|Any CPU
		{7D43FF88-5BE9-46BB-89CD-8075EFBB231B}.Release|Any CPU.ActiveCfg = Release|Any CPU
		{7D43FF88-5BE9-46BB-89CD-8075EFBB231B}.Release|Any CPU.Build.0 = Release|Any CPU
		{A834D785-F861-46A0-9ED0-587CF8530DE7}.Debug|Any CPU.ActiveCfg = Debug|Any CPU
		{A834D785-F861-46A0-9ED0-587CF8530DE7}.Debug|Any CPU.Build.0 = Debug|Any CPU
		{A834D785-F861-46A0-9ED0-587CF8530DE7}.Release|Any CPU.ActiveCfg = Release|Any CPU
		{A834D785-F861-46A0-9ED0-587CF8530DE7}.Release|Any CPU.Build.0 = Release|Any CPU
		{60FF3406-9F39-425F-93E7-A32EBEB705F0}.Debug|Any CPU.ActiveCfg = Debug|Any CPU
		{60FF3406-9F39-425F-93E7-A32EBEB705F0}.Debug|Any CPU.Build.0 = Debug|Any CPU
		{60FF3406-9F39-425F-93E7-A32EBEB705F0}.Release|Any CPU.ActiveCfg = Release|Any CPU
		{60FF3406-9F39-425F-93E7-A32EBEB705F0}.Release|Any CPU.Build.0 = Release|Any CPU
	EndGlobalSection
	GlobalSection(SolutionProperties) = preSolution
		HideSolutionNode = FALSE
	EndGlobalSection
	GlobalSection(ExtensibilityGlobals) = postSolution
		SolutionGuid = {81168F5A-12F3-4882-AA9E-39C55F0D6AA3}
	EndGlobalSection
EndGlobal
